Microsoft Visual Studio Solution File, Format Version 12.00
# Visual Studio Version 17
VisualStudioVersion = 17.5.2.0
MinimumVisualStudioVersion = 10.0.40219.1
Project("{FAE04EC0-301F-11D3-BF4B-00C04F79EFBC}") = "Aprendendo Linq", "Aprendendo Linq.csproj", "{46A8A682-CF25-1C49-CBB9-48E0DA502571}"
EndProject
Global
	GlobalSection(SolutionConfigurationPlatforms) = preSolution
		Debug|Any CPU = Debug|Any CPU
		Release|Any CPU = Release|Any CPU
	EndGlobalSection
	GlobalSection(ProjectConfigurationPlatforms) = postSolution
		{46A8A682-CF25-1C49-CBB9-48E0DA502571}.Debug|Any CPU.ActiveCfg = Debug|Any CPU
		{46A8A682-CF25-1C49-CBB9-48E0DA502571}.Debug|Any CPU.Build.0 = Debug|Any CPU
		{46A8A682-CF25-1C49-CBB9-48E0DA502571}.Release|Any CPU.ActiveCfg = Release|Any CPU
		{46A8A682-CF25-1C49-CBB9-48E0DA502571}.Release|Any CPU.Build.0 = Release|Any CPU
	EndGlobalSection
	GlobalSection(SolutionProperties) = preSolution
		HideSolutionNode = FALSE
	EndGlobalSection
	GlobalSection(ExtensibilityGlobals) = postSolution
		SolutionGuid = {35FB6756-33A6-4D6A-99F9-7728E1300B12}
	EndGlobalSection
EndGlobal
